
Microsoft Visual Studio Solution File, Format Version 12.00
# Visual Studio Version 17
VisualStudioVersion = 17.10.35027.167
MinimumVisualStudioVersion = 10.0.40219.1
Project("{FAE04EC0-301F-11D3-BF4B-00C04F79EFBC}") = "PAV_P2_Grupo 1", "PAV_P2_Grupo 1\PAV_P2_Grupo 1.csproj", "{0950B39F-5A21-4A09-BCB9-BDAF1BF7A5DF}"
EndProject
Global
	GlobalSection(SolutionConfigurationPlatforms) = preSolution
		Debug|Any CPU = Debug|Any CPU
		Release|Any CPU = Release|Any CPU
	EndGlobalSection
	GlobalSection(ProjectConfigurationPlatforms) = postSolution
		{0950B39F-5A21-4A09-BCB9-BDAF1BF7A5DF}.Debug|Any CPU.ActiveCfg = Debug|Any CPU
		{0950B39F-5A21-4A09-BCB9-BDAF1BF7A5DF}.Debug|Any CPU.Build.0 = Debug|Any CPU
		{0950B39F-5A21-4A09-BCB9-BDAF1BF7A5DF}.Release|Any CPU.ActiveCfg = Release|Any CPU
		{0950B39F-5A21-4A09-BCB9-BDAF1BF7A5DF}.Release|Any CPU.Build.0 = Release|Any CPU
	EndGlobalSection
	GlobalSection(SolutionProperties) = preSolution
		HideSolutionNode = FALSE
	EndGlobalSection
	GlobalSection(ExtensibilityGlobals) = postSolution
		SolutionGuid = {0C5568D3-4547-4DC1-A36D-078D3A86DFDB}
	EndGlobalSection
EndGlobal
